
Microsoft Visual Studio Solution File, Format Version 12.00
# Visual Studio Version 16
VisualStudioVersion = 16.0.30406.217
MinimumVisualStudioVersion = 10.0.40219.1
Project("{9A19103F-16F7-4668-BE54-9A1E7A4F7556}") = "Bank", "Bank\Bank.csproj", "{DA76775C-C887-463D-961C-49150C0F48C0}"
EndProject
Project("{FAE04EC0-301F-11D3-BF4B-00C04F79EFBC}") = "BankTest", "BankTest\BankTest.csproj", "{16CF447D-7EC1-486F-ADCD-C8D96C967EE4}"
EndProject
Global
	GlobalSection(SolutionConfigurationPlatforms) = preSolution
		Debug|Any CPU = Debug|Any CPU
		Release|Any CPU = Release|Any CPU
	EndGlobalSection
	GlobalSection(ProjectConfigurationPlatforms) = postSolution
		{DA76775C-C887-463D-961C-49150C0F48C0}.Debug|Any CPU.ActiveCfg = Debug|Any CPU
		{DA76775C-C887-463D-961C-49150C0F48C0}.Debug|Any CPU.Build.0 = Debug|Any CPU
		{DA76775C-C887-463D-961C-49150C0F48C0}.Release|Any CPU.ActiveCfg = Release|Any CPU
		{DA76775C-C887-463D-961C-49150C0F48C0}.Release|Any CPU.Build.0 = Release|Any CPU
		{16CF447D-7EC1-486F-ADCD-C8D96C967EE4}.Debug|Any CPU.ActiveCfg = Debug|Any CPU
		{16CF447D-7EC1-486F-ADCD-C8D96C967EE4}.Debug|Any CPU.Build.0 = Debug|Any CPU
		{16CF447D-7EC1-486F-ADCD-C8D96C967EE4}.Release|Any CPU.ActiveCfg = Release|Any CPU
		{16CF447D-7EC1-486F-ADCD-C8D96C967EE4}.Release|Any CPU.Build.0 = Release|Any CPU
	EndGlobalSection
	GlobalSection(SolutionProperties) = preSolution
		HideSolutionNode = FALSE
	EndGlobalSection
	GlobalSection(ExtensibilityGlobals) = postSolution
		SolutionGuid = {B999C184-BD46-40D2-8C56-368A6FBC8D4C}
	EndGlobalSection
EndGlobal
